
Microsoft Visual Studio Solution File, Format Version 12.00
# Visual Studio Version 17
VisualStudioVersion = 17.7.34202.233
MinimumVisualStudioVersion = 10.0.40219.1
Project("{888888A0-9F3D-457C-B088-3A5042F75D52}") = "foundations-cs-python", "foundations-cs-python\foundations-cs-python.pyproj", "{72A57B57-E0F6-484D-8642-FB77126DA2C6}"
EndProject
Global
	GlobalSection(SolutionConfigurationPlatforms) = preSolution
		Debug|Any CPU = Debug|Any CPU
		Release|Any CPU = Release|Any CPU
	EndGlobalSection
	GlobalSection(ProjectConfigurationPlatforms) = postSolution
		{72A57B57-E0F6-484D-8642-FB77126DA2C6}.Debug|Any CPU.ActiveCfg = Debug|Any CPU
		{72A57B57-E0F6-484D-8642-FB77126DA2C6}.Release|Any CPU.ActiveCfg = Release|Any CPU
	EndGlobalSection
	GlobalSection(SolutionProperties) = preSolution
		HideSolutionNode = FALSE
	EndGlobalSection
	GlobalSection(ExtensibilityGlobals) = postSolution
		SolutionGuid = {25B4B999-6D89-462B-A7C4-BB47D97F82CF}
	EndGlobalSection
EndGlobal
